
Microsoft Visual Studio Solution File, Format Version 12.00
# Visual Studio Version 17
VisualStudioVersion = 17.0.31903.59
MinimumVisualStudioVersion = 10.0.40219.1
Project("{2150E333-8FDC-42A3-9474-1A3956D46DE8}") = "src", "src", "{827E0CD3-B72D-47B6-A68D-7590B98EB39B}"
EndProject
Project("{2150E333-8FDC-42A3-9474-1A3956D46DE8}") = "Core", "Core", "{8D626EA8-CB54-BC41-363A-217881BEBA6E}"
EndProject
Project("{FAE04EC0-301F-11D3-BF4B-00C04F79EFBC}") = "ChatApp.Domain", "src\Core\ChatApp.Domain\ChatApp.Domain.csproj", "{C7CB5041-067B-4C28-80DD-0F4A5066179A}"
EndProject
Project("{FAE04EC0-301F-11D3-BF4B-00C04F79EFBC}") = "ChatApp.Application", "src\Core\ChatApp.Application\ChatApp.Application.csproj", "{BCB4B8AC-82EC-4A10-850A-5B2F247C2A78}"
EndProject
Project("{2150E333-8FDC-42A3-9474-1A3956D46DE8}") = "Infrastructure", "Infrastructure", "{9048EB7F-3875-A59E-E36B-5BD4C6F2A282}"
EndProject
Project("{FAE04EC0-301F-11D3-BF4B-00C04F79EFBC}") = "ChatApp.Infrastructure", "src\Infrastructure\ChatApp.Infrastructure\ChatApp.Infrastructure.csproj", "{DB6BBCEC-E75C-43DD-B7CF-561E697366DC}"
EndProject
Project("{2150E333-8FDC-42A3-9474-1A3956D46DE8}") = "Presentation", "Presentation", "{6996BBF7-DB31-59BC-C7DD-9A7CCC6138C4}"
EndProject
Project("{FAE04EC0-301F-11D3-BF4B-00C04F79EFBC}") = "ChatApp.Api", "src\Presentation\ChatApp.Api\ChatApp.Api.csproj", "{A2127F72-4098-4AA5-9833-C5694F13B5E9}"
EndProject
Project("{FAE04EC0-301F-11D3-BF4B-00C04F79EFBC}") = "ChatApp.WebClient", "src\Presentation\ChatApp.WebClient\ChatApp.WebClient.csproj", "{257C2E30-BEFE-4766-BF3B-E21E4179E69E}"
EndProject
Project("{FAE04EC0-301F-11D3-BF4B-00C04F79EFBC}") = "ChatApp.WebAdmin", "src\Presentation\ChatApp.WebAdmin\ChatApp.WebAdmin.csproj", "{361E984D-8C02-429C-B923-F66A52B6B2A8}"
EndProject
Project("{FAE04EC0-301F-11D3-BF4B-00C04F79EFBC}") = "ChatApp.Aspire.AppHost", "src\ChatApp.Aspire.AppHost\ChatApp.Aspire.AppHost.csproj", "{03DFF856-7294-4C90-BB40-FBBF4CB343C3}"
EndProject
Project("{FAE04EC0-301F-11D3-BF4B-00C04F79EFBC}") = "ChatApp.ServiceDefaults", "src\ChatApp.ServiceDefaults\ChatApp.ServiceDefaults.csproj", "{71E94BDD-59D9-4677-88BF-709244F50BF6}"
EndProject
Global
	GlobalSection(SolutionConfigurationPlatforms) = preSolution
		Debug|Any CPU = Debug|Any CPU
		Debug|x64 = Debug|x64
		Debug|x86 = Debug|x86
		Release|Any CPU = Release|Any CPU
		Release|x64 = Release|x64
		Release|x86 = Release|x86
	EndGlobalSection
	GlobalSection(ProjectConfigurationPlatforms) = postSolution
		{C7CB5041-067B-4C28-80DD-0F4A5066179A}.Debug|Any CPU.ActiveCfg = Debug|Any CPU
		{C7CB5041-067B-4C28-80DD-0F4A5066179A}.Debug|Any CPU.Build.0 = Debug|Any CPU
		{C7CB5041-067B-4C28-80DD-0F4A5066179A}.Debug|x64.ActiveCfg = Debug|Any CPU
		{C7CB5041-067B-4C28-80DD-0F4A5066179A}.Debug|x64.Build.0 = Debug|Any CPU
		{C7CB5041-067B-4C28-80DD-0F4A5066179A}.Debug|x86.ActiveCfg = Debug|Any CPU
		{C7CB5041-067B-4C28-80DD-0F4A5066179A}.Debug|x86.Build.0 = Debug|Any CPU
		{C7CB5041-067B-4C28-80DD-0F4A5066179A}.Release|Any CPU.ActiveCfg = Release|Any CPU
		{C7CB5041-067B-4C28-80DD-0F4A5066179A}.Release|Any CPU.Build.0 = Release|Any CPU
		{C7CB5041-067B-4C28-80DD-0F4A5066179A}.Release|x64.ActiveCfg = Release|Any CPU
		{C7CB5041-067B-4C28-80DD-0F4A5066179A}.Release|x64.Build.0 = Release|Any CPU
		{C7CB5041-067B-4C28-80DD-0F4A5066179A}.Release|x86.ActiveCfg = Release|Any CPU
		{C7CB5041-067B-4C28-80DD-0F4A5066179A}.Release|x86.Build.0 = Release|Any CPU
		{BCB4B8AC-82EC-4A10-850A-5B2F247C2A78}.Debug|Any CPU.ActiveCfg = Debug|Any CPU
		{BCB4B8AC-82EC-4A10-850A-5B2F247C2A78}.Debug|Any CPU.Build.0 = Debug|Any CPU
		{BCB4B8AC-82EC-4A10-850A-5B2F247C2A78}.Debug|x64.ActiveCfg = Debug|Any CPU
		{BCB4B8AC-82EC-4A10-850A-5B2F247C2A78}.Debug|x64.Build.0 = Debug|Any CPU
		{BCB4B8AC-82EC-4A10-850A-5B2F247C2A78}.Debug|x86.ActiveCfg = Debug|Any CPU
		{BCB4B8AC-82EC-4A10-850A-5B2F247C2A78}.Debug|x86.Build.0 = Debug|Any CPU
		{BCB4B8AC-82EC-4A10-850A-5B2F247C2A78}.Release|Any CPU.ActiveCfg = Release|Any CPU
		{BCB4B8AC-82EC-4A10-850A-5B2F247C2A78}.Release|Any CPU.Build.0 = Release|Any CPU
		{BCB4B8AC-82EC-4A10-850A-5B2F247C2A78}.Release|x64.ActiveCfg = Release|Any CPU
		{BCB4B8AC-82EC-4A10-850A-5B2F247C2A78}.Release|x64.Build.0 = Release|Any CPU
		{BCB4B8AC-82EC-4A10-850A-5B2F247C2A78}.Release|x86.ActiveCfg = Release|Any CPU
		{BCB4B8AC-82EC-4A10-850A-5B2F247C2A78}.Release|x86.Build.0 = Release|Any CPU
		{DB6BBCEC-E75C-43DD-B7CF-561E697366DC}.Debug|Any CPU.ActiveCfg = Debug|Any CPU
		{DB6BBCEC-E75C-43DD-B7CF-561E697366DC}.Debug|Any CPU.Build.0 = Debug|Any CPU
		{DB6BBCEC-E75C-43DD-B7CF-561E697366DC}.Debug|x64.ActiveCfg = Debug|Any CPU
		{DB6BBCEC-E75C-43DD-B7CF-561E697366DC}.Debug|x64.Build.0 = Debug|Any CPU
		{DB6BBCEC-E75C-43DD-B7CF-561E697366DC}.Debug|x86.ActiveCfg = Debug|Any CPU
		{DB6BBCEC-E75C-43DD-B7CF-561E697366DC}.Debug|x86.Build.0 = Debug|Any CPU
		{DB6BBCEC-E75C-43DD-B7CF-561E697366DC}.Release|Any CPU.ActiveCfg = Release|Any CPU
		{DB6BBCEC-E75C-43DD-B7CF-561E697366DC}.Release|Any CPU.Build.0 = Release|Any CPU
		{DB6BBCEC-E75C-43DD-B7CF-561E697366DC}.Release|x64.ActiveCfg = Release|Any CPU
		{DB6BBCEC-E75C-43DD-B7CF-561E697366DC}.Release|x64.Build.0 = Release|Any CPU
		{DB6BBCEC-E75C-43DD-B7CF-561E697366DC}.Release|x86.ActiveCfg = Release|Any CPU
		{DB6BBCEC-E75C-43DD-B7CF-561E697366DC}.Release|x86.Build.0 = Release|Any CPU
		{A2127F72-4098-4AA5-9833-C5694F13B5E9}.Debug|Any CPU.ActiveCfg = Debug|Any CPU
		{A2127F72-4098-4AA5-9833-C5694F13B5E9}.Debug|Any CPU.Build.0 = Debug|Any CPU
		{A2127F72-4098-4AA5-9833-C5694F13B5E9}.Debug|x64.ActiveCfg = Debug|Any CPU
		{A2127F72-4098-4AA5-9833-C5694F13B5E9}.Debug|x64.Build.0 = Debug|Any CPU
		{A2127F72-4098-4AA5-9833-C5694F13B5E9}.Debug|x86.ActiveCfg = Debug|Any CPU
		{A2127F72-4098-4AA5-9833-C5694F13B5E9}.Debug|x86.Build.0 = Debug|Any CPU
		{A2127F72-4098-4AA5-9833-C5694F13B5E9}.Release|Any CPU.ActiveCfg = Release|Any CPU
		{A2127F72-4098-4AA5-9833-C5694F13B5E9}.Release|Any CPU.Build.0 = Release|Any CPU
		{A2127F72-4098-4AA5-9833-C5694F13B5E9}.Release|x64.ActiveCfg = Release|Any CPU
		{A2127F72-4098-4AA5-9833-C5694F13B5E9}.Release|x64.Build.0 = Release|Any CPU
		{A2127F72-4098-4AA5-9833-C5694F13B5E9}.Release|x86.ActiveCfg = Release|Any CPU
		{A2127F72-4098-4AA5-9833-C5694F13B5E9}.Release|x86.Build.0 = Release|Any CPU
		{257C2E30-BEFE-4766-BF3B-E21E4179E69E}.Debug|Any CPU.ActiveCfg = Debug|Any CPU
		{257C2E30-BEFE-4766-BF3B-E21E4179E69E}.Debug|Any CPU.Build.0 = Debug|Any CPU
		{257C2E30-BEFE-4766-BF3B-E21E4179E69E}.Debug|x64.ActiveCfg = Debug|Any CPU
		{257C2E30-BEFE-4766-BF3B-E21E4179E69E}.Debug|x64.Build.0 = Debug|Any CPU
		{257C2E30-BEFE-4766-BF3B-E21E4179E69E}.Debug|x86.ActiveCfg = Debug|Any CPU
		{257C2E30-BEFE-4766-BF3B-E21E4179E69E}.Debug|x86.Build.0 = Debug|Any CPU
		{257C2E30-BEFE-4766-BF3B-E21E4179E69E}.Release|Any CPU.ActiveCfg = Release|Any CPU
		{257C2E30-BEFE-4766-BF3B-E21E4179E69E}.Release|Any CPU.Build.0 = Release|Any CPU
		{257C2E30-BEFE-4766-BF3B-E21E4179E69E}.Release|x64.ActiveCfg = Release|Any CPU
		{257C2E30-BEFE-4766-BF3B-E21E4179E69E}.Release|x64.Build.0 = Release|Any CPU
		{257C2E30-BEFE-4766-BF3B-E21E4179E69E}.Release|x86.ActiveCfg = Release|Any CPU
		{257C2E30-BEFE-4766-BF3B-E21E4179E69E}.Release|x86.Build.0 = Release|Any CPU
		{361E984D-8C02-429C-B923-F66A52B6B2A8}.Debug|Any CPU.ActiveCfg = Debug|Any CPU
		{361E984D-8C02-429C-B923-F66A52B6B2A8}.Debug|Any CPU.Build.0 = Debug|Any CPU
		{361E984D-8C02-429C-B923-F66A52B6B2A8}.Debug|x64.ActiveCfg = Debug|Any CPU
		{361E984D-8C02-429C-B923-F66A52B6B2A8}.Debug|x64.Build.0 = Debug|Any CPU
		{361E984D-8C02-429C-B923-F66A52B6B2A8}.Debug|x86.ActiveCfg = Debug|Any CPU
		{361E984D-8C02-429C-B923-F66A52B6B2A8}.Debug|x86.Build.0 = Debug|Any CPU
		{361E984D-8C02-429C-B923-F66A52B6B2A8}.Release|Any CPU.ActiveCfg = Release|Any CPU
		{361E984D-8C02-429C-B923-F66A52B6B2A8}.Release|Any CPU.Build.0 = Release|Any CPU
		{361E984D-8C02-429C-B923-F66A52B6B2A8}.Release|x64.ActiveCfg = Release|Any CPU
		{361E984D-8C02-429C-B923-F66A52B6B2A8}.Release|x64.Build.0 = Release|Any CPU
		{361E984D-8C02-429C-B923-F66A52B6B2A8}.Release|x86.ActiveCfg = Release|Any CPU
		{361E984D-8C02-429C-B923-F66A52B6B2A8}.Release|x86.Build.0 = Release|Any CPU
		{03DFF856-7294-4C90-BB40-FBBF4CB343C3}.Debug|Any CPU.ActiveCfg = Debug|Any CPU
		{03DFF856-7294-4C90-BB40-FBBF4CB343C3}.Debug|Any CPU.Build.0 = Debug|Any CPU
		{03DFF856-7294-4C90-BB40-FBBF4CB343C3}.Debug|x64.ActiveCfg = Debug|Any CPU
		{03DFF856-7294-4C90-BB40-FBBF4CB343C3}.Debug|x64.Build.0 = Debug|Any CPU
		{03DFF856-7294-4C90-BB40-FBBF4CB343C3}.Debug|x86.ActiveCfg = Debug|Any CPU
		{03DFF856-7294-4C90-BB40-FBBF4CB343C3}.Debug|x86.Build.0 = Debug|Any CPU
		{03DFF856-7294-4C90-BB40-FBBF4CB343C3}.Release|Any CPU.ActiveCfg = Release|Any CPU
		{03DFF856-7294-4C90-BB40-FBBF4CB343C3}.Release|Any CPU.Build.0 = Release|Any CPU
		{03DFF856-7294-4C90-BB40-FBBF4CB343C3}.Release|x64.ActiveCfg = Release|Any CPU
		{03DFF856-7294-4C90-BB40-FBBF4CB343C3}.Release|x64.Build.0 = Release|Any CPU
		{03DFF856-7294-4C90-BB40-FBBF4CB343C3}.Release|x86.ActiveCfg = Release|Any CPU
		{03DFF856-7294-4C90-BB40-FBBF4CB343C3}.Release|x86.Build.0 = Release|Any CPU
		{71E94BDD-59D9-4677-88BF-709244F50BF6}.Debug|Any CPU.ActiveCfg = Debug|Any CPU
		{71E94BDD-59D9-4677-88BF-709244F50BF6}.Debug|Any CPU.Build.0 = Debug|Any CPU
		{71E94BDD-59D9-4677-88BF-709244F50BF6}.Debug|x64.ActiveCfg = Debug|Any CPU
		{71E94BDD-59D9-4677-88BF-709244F50BF6}.Debug|x64.Build.0 = Debug|Any CPU
		{71E94BDD-59D9-4677-88BF-709244F50BF6}.Debug|x86.ActiveCfg = Debug|Any CPU
		{71E94BDD-59D9-4677-88BF-709244F50BF6}.Debug|x86.Build.0 = Debug|Any CPU
		{71E94BDD-59D9-4677-88BF-709244F50BF6}.Release|Any CPU.ActiveCfg = Release|Any CPU
		{71E94BDD-59D9-4677-88BF-709244F50BF6}.Release|Any CPU.Build.0 = Release|Any CPU
		{71E94BDD-59D9-4677-88BF-709244F50BF6}.Release|x64.ActiveCfg = Release|Any CPU
		{71E94BDD-59D9-4677-88BF-709244F50BF6}.Release|x64.Build.0 = Release|Any CPU
		{71E94BDD-59D9-4677-88BF-709244F50BF6}.Release|x86.ActiveCfg = Release|Any CPU
		{71E94BDD-59D9-4677-88BF-709244F50BF6}.Release|x86.Build.0 = Release|Any CPU
	EndGlobalSection
	GlobalSection(SolutionProperties) = preSolution
		HideSolutionNode = FALSE
	EndGlobalSection
	GlobalSection(NestedProjects) = preSolution
		{8D626EA8-CB54-BC41-363A-217881BEBA6E} = {827E0CD3-B72D-47B6-A68D-7590B98EB39B}
		{C7CB5041-067B-4C28-80DD-0F4A5066179A} = {8D626EA8-CB54-BC41-363A-217881BEBA6E}
		{BCB4B8AC-82EC-4A10-850A-5B2F247C2A78} = {8D626EA8-CB54-BC41-363A-217881BEBA6E}
		{9048EB7F-3875-A59E-E36B-5BD4C6F2A282} = {827E0CD3-B72D-47B6-A68D-7590B98EB39B}
		{DB6BBCEC-E75C-43DD-B7CF-561E697366DC} = {9048EB7F-3875-A59E-E36B-5BD4C6F2A282}
		{6996BBF7-DB31-59BC-C7DD-9A7CCC6138C4} = {827E0CD3-B72D-47B6-A68D-7590B98EB39B}
		{A2127F72-4098-4AA5-9833-C5694F13B5E9} = {6996BBF7-DB31-59BC-C7DD-9A7CCC6138C4}
		{257C2E30-BEFE-4766-BF3B-E21E4179E69E} = {6996BBF7-DB31-59BC-C7DD-9A7CCC6138C4}
		{361E984D-8C02-429C-B923-F66A52B6B2A8} = {6996BBF7-DB31-59BC-C7DD-9A7CCC6138C4}
		{03DFF856-7294-4C90-BB40-FBBF4CB343C3} = {827E0CD3-B72D-47B6-A68D-7590B98EB39B}
		{71E94BDD-59D9-4677-88BF-709244F50BF6} = {827E0CD3-B72D-47B6-A68D-7590B98EB39B}
	EndGlobalSection
EndGlobal
